
Microsoft Visual Studio Solution File, Format Version 12.00
# Visual Studio 2013
VisualStudioVersion = 12.0.30501.0
MinimumVisualStudioVersion = 10.0.40219.1
Project("{FAE04EC0-301F-11D3-BF4B-00C04F79EFBC}") = "FeedForward", "FeedForward\FeedForward.csproj", "{2CA6A516-C7D5-4D4F-9BE3-CCF8A1C8287A}"
EndProject
Global
	GlobalSection(SolutionConfigurationPlatforms) = preSolution
		Debug|Any CPU = Debug|Any CPU
		Release|Any CPU = Release|Any CPU
	EndGlobalSection
	GlobalSection(ProjectConfigurationPlatforms) = postSolution
		{2CA6A516-C7D5-4D4F-9BE3-CCF8A1C8287A}.Debug|Any CPU.ActiveCfg = Debug|Any CPU
		{2CA6A516-C7D5-4D4F-9BE3-CCF8A1C8287A}.Debug|Any CPU.Build.0 = Debug|Any CPU
		{2CA6A516-C7D5-4D4F-9BE3-CCF8A1C8287A}.Release|Any CPU.ActiveCfg = Release|Any CPU
		{2CA6A516-C7D5-4D4F-9BE3-CCF8A1C8287A}.Release|Any CPU.Build.0 = Release|Any CPU
	EndGlobalSection
	GlobalSection(SolutionProperties) = preSolution
		HideSolutionNode = FALSE
	EndGlobalSection
EndGlobal
